
Microsoft Visual Studio Solution File, Format Version 12.00
Project("{FAE04EC0-301F-11D3-BF4B-00C04F79EFBC}") = "MovieRecommender.Api", "src\MovieRecommender.Api\MovieRecommender.Api.csproj", "{5CBF24B7-F400-4C97-A4F9-AAD83F40C614}"
EndProject
Project("{FAE04EC0-301F-11D3-BF4B-00C04F79EFBC}") = "MovieRecommender.Entity", "src\MovieRecommender.Entity\MovieRecommender.Entity.csproj", "{D12E1459-F026-490E-95F9-24FC61525AAA}"
EndProject
Project("{2150E333-8FDC-42A3-9474-1A3956D46DE8}") = "src", "src", "{ED39E647-B990-445E-85B3-57A5D14A97B5}"
EndProject
Project("{2150E333-8FDC-42A3-9474-1A3956D46DE8}") = "test", "test", "{C4D8C5C5-D24B-4F79-947B-2A814226CABA}"
EndProject
Project("{FAE04EC0-301F-11D3-BF4B-00C04F79EFBC}") = "MovieRecommender.DTO", "src\MovieRecommender.DTO\MovieRecommender.DTO.csproj", "{84709199-B535-46CD-B5A7-F7ABFD04126E}"
EndProject
Project("{FAE04EC0-301F-11D3-BF4B-00C04F79EFBC}") = "MovieRecommender.Repository", "src\MovieRecommender.Repository\MovieRecommender.Repository.csproj", "{9DEBA9F8-21AA-4F91-A1BC-5E2E60DC2F79}"
EndProject
Project("{FAE04EC0-301F-11D3-BF4B-00C04F79EFBC}") = "MovieRecommenderService", "src\MovieRecommenderService\MovieRecommenderService.csproj", "{0BDD17CC-F84B-42E3-B00A-4D51A678BF3B}"
EndProject
Project("{FAE04EC0-301F-11D3-BF4B-00C04F79EFBC}") = "MovieRecommender.Job", "src\MovieRecommender.Job\MovieRecommender.Job.csproj", "{F7661C52-5C53-4085-A9C5-DE16E9BF5B83}"
EndProject
Project("{2150E333-8FDC-42A3-9474-1A3956D46DE8}") = "Api", "Api", "{DB0A1330-F6E1-4C46-A24D-F4901DEE55B4}"
EndProject
Project("{2150E333-8FDC-42A3-9474-1A3956D46DE8}") = "Data", "Data", "{B4355986-396E-4072-8551-85E78A49B21A}"
EndProject
Project("{2150E333-8FDC-42A3-9474-1A3956D46DE8}") = "Core", "Core", "{4A1D51C9-DBEA-4BB1-8E47-A59DE490D4F4}"
EndProject
Project("{2150E333-8FDC-42A3-9474-1A3956D46DE8}") = "Job", "Job", "{6878CBC8-3D93-4E2E-B0F0-773F7B4BAE07}"
EndProject
Project("{FAE04EC0-301F-11D3-BF4B-00C04F79EFBC}") = "MovieRecommender.Api.Tests", "test\MovieRecommender.Api.Tests\MovieRecommender.Api.Tests.csproj", "{EA1CDD0C-B98D-405C-AA9E-A8B0BB4129FC}"
EndProject
Project("{2150E333-8FDC-42A3-9474-1A3956D46DE8}") = "Api", "Api", "{88A0AD87-7ECB-420B-8153-0EE2D5F09977}"
EndProject
Global
	GlobalSection(SolutionConfigurationPlatforms) = preSolution
		Debug|Any CPU = Debug|Any CPU
		Release|Any CPU = Release|Any CPU
	EndGlobalSection
	GlobalSection(ProjectConfigurationPlatforms) = postSolution
		{5CBF24B7-F400-4C97-A4F9-AAD83F40C614}.Debug|Any CPU.ActiveCfg = Debug|Any CPU
		{5CBF24B7-F400-4C97-A4F9-AAD83F40C614}.Debug|Any CPU.Build.0 = Debug|Any CPU
		{5CBF24B7-F400-4C97-A4F9-AAD83F40C614}.Release|Any CPU.ActiveCfg = Release|Any CPU
		{5CBF24B7-F400-4C97-A4F9-AAD83F40C614}.Release|Any CPU.Build.0 = Release|Any CPU
		{D12E1459-F026-490E-95F9-24FC61525AAA}.Debug|Any CPU.ActiveCfg = Debug|Any CPU
		{D12E1459-F026-490E-95F9-24FC61525AAA}.Debug|Any CPU.Build.0 = Debug|Any CPU
		{D12E1459-F026-490E-95F9-24FC61525AAA}.Release|Any CPU.ActiveCfg = Release|Any CPU
		{D12E1459-F026-490E-95F9-24FC61525AAA}.Release|Any CPU.Build.0 = Release|Any CPU
		{84709199-B535-46CD-B5A7-F7ABFD04126E}.Debug|Any CPU.ActiveCfg = Debug|Any CPU
		{84709199-B535-46CD-B5A7-F7ABFD04126E}.Debug|Any CPU.Build.0 = Debug|Any CPU
		{84709199-B535-46CD-B5A7-F7ABFD04126E}.Release|Any CPU.ActiveCfg = Release|Any CPU
		{84709199-B535-46CD-B5A7-F7ABFD04126E}.Release|Any CPU.Build.0 = Release|Any CPU
		{9DEBA9F8-21AA-4F91-A1BC-5E2E60DC2F79}.Debug|Any CPU.ActiveCfg = Debug|Any CPU
		{9DEBA9F8-21AA-4F91-A1BC-5E2E60DC2F79}.Debug|Any CPU.Build.0 = Debug|Any CPU
		{9DEBA9F8-21AA-4F91-A1BC-5E2E60DC2F79}.Release|Any CPU.ActiveCfg = Release|Any CPU
		{9DEBA9F8-21AA-4F91-A1BC-5E2E60DC2F79}.Release|Any CPU.Build.0 = Release|Any CPU
		{0BDD17CC-F84B-42E3-B00A-4D51A678BF3B}.Debug|Any CPU.ActiveCfg = Debug|Any CPU
		{0BDD17CC-F84B-42E3-B00A-4D51A678BF3B}.Debug|Any CPU.Build.0 = Debug|Any CPU
		{0BDD17CC-F84B-42E3-B00A-4D51A678BF3B}.Release|Any CPU.ActiveCfg = Release|Any CPU
		{0BDD17CC-F84B-42E3-B00A-4D51A678BF3B}.Release|Any CPU.Build.0 = Release|Any CPU
		{F7661C52-5C53-4085-A9C5-DE16E9BF5B83}.Debug|Any CPU.ActiveCfg = Debug|Any CPU
		{F7661C52-5C53-4085-A9C5-DE16E9BF5B83}.Debug|Any CPU.Build.0 = Debug|Any CPU
		{F7661C52-5C53-4085-A9C5-DE16E9BF5B83}.Release|Any CPU.ActiveCfg = Release|Any CPU
		{F7661C52-5C53-4085-A9C5-DE16E9BF5B83}.Release|Any CPU.Build.0 = Release|Any CPU
		{EA1CDD0C-B98D-405C-AA9E-A8B0BB4129FC}.Debug|Any CPU.ActiveCfg = Debug|Any CPU
		{EA1CDD0C-B98D-405C-AA9E-A8B0BB4129FC}.Debug|Any CPU.Build.0 = Debug|Any CPU
		{EA1CDD0C-B98D-405C-AA9E-A8B0BB4129FC}.Release|Any CPU.ActiveCfg = Release|Any CPU
		{EA1CDD0C-B98D-405C-AA9E-A8B0BB4129FC}.Release|Any CPU.Build.0 = Release|Any CPU
	EndGlobalSection
	GlobalSection(NestedProjects) = preSolution
		{DB0A1330-F6E1-4C46-A24D-F4901DEE55B4} = {ED39E647-B990-445E-85B3-57A5D14A97B5}
		{B4355986-396E-4072-8551-85E78A49B21A} = {ED39E647-B990-445E-85B3-57A5D14A97B5}
		{4A1D51C9-DBEA-4BB1-8E47-A59DE490D4F4} = {ED39E647-B990-445E-85B3-57A5D14A97B5}
		{6878CBC8-3D93-4E2E-B0F0-773F7B4BAE07} = {ED39E647-B990-445E-85B3-57A5D14A97B5}
		{F7661C52-5C53-4085-A9C5-DE16E9BF5B83} = {6878CBC8-3D93-4E2E-B0F0-773F7B4BAE07}
		{5CBF24B7-F400-4C97-A4F9-AAD83F40C614} = {DB0A1330-F6E1-4C46-A24D-F4901DEE55B4}
		{D12E1459-F026-490E-95F9-24FC61525AAA} = {B4355986-396E-4072-8551-85E78A49B21A}
		{84709199-B535-46CD-B5A7-F7ABFD04126E} = {4A1D51C9-DBEA-4BB1-8E47-A59DE490D4F4}
		{0BDD17CC-F84B-42E3-B00A-4D51A678BF3B} = {4A1D51C9-DBEA-4BB1-8E47-A59DE490D4F4}
		{9DEBA9F8-21AA-4F91-A1BC-5E2E60DC2F79} = {B4355986-396E-4072-8551-85E78A49B21A}
		{88A0AD87-7ECB-420B-8153-0EE2D5F09977} = {C4D8C5C5-D24B-4F79-947B-2A814226CABA}
		{EA1CDD0C-B98D-405C-AA9E-A8B0BB4129FC} = {88A0AD87-7ECB-420B-8153-0EE2D5F09977}
	EndGlobalSection
EndGlobal
